
Microsoft Visual Studio Solution File, Format Version 12.00
# Visual Studio 15
VisualStudioVersion = 15.0.27428.2015
MinimumVisualStudioVersion = 10.0.40219.1
Project("{FAE04EC0-301F-11D3-BF4B-00C04F79EFBC}") = "PaymentExample", "PaymentExample\PaymentExample.csproj", "{4D1475F3-A684-4843-A0C5-80DCC0FC0134}"
EndProject
Global
	GlobalSection(SolutionConfigurationPlatforms) = preSolution
		Debug|Any CPU = Debug|Any CPU
		Release|Any CPU = Release|Any CPU
	EndGlobalSection
	GlobalSection(ProjectConfigurationPlatforms) = postSolution
		{4D1475F3-A684-4843-A0C5-80DCC0FC0134}.Debug|Any CPU.ActiveCfg = Debug|Any CPU
		{4D1475F3-A684-4843-A0C5-80DCC0FC0134}.Debug|Any CPU.Build.0 = Debug|Any CPU
		{4D1475F3-A684-4843-A0C5-80DCC0FC0134}.Release|Any CPU.ActiveCfg = Release|Any CPU
		{4D1475F3-A684-4843-A0C5-80DCC0FC0134}.Release|Any CPU.Build.0 = Release|Any CPU
	EndGlobalSection
	GlobalSection(SolutionProperties) = preSolution
		HideSolutionNode = FALSE
	EndGlobalSection
	GlobalSection(ExtensibilityGlobals) = postSolution
		SolutionGuid = {33878D72-EDD8-4042-91A1-D56397DF3F68}
	EndGlobalSection
EndGlobal
